
Microsoft Visual Studio Solution File, Format Version 12.00
# Visual Studio 15
Project("{FAE04EC0-301F-11D3-BF4B-00C04F79EFBC}") = "bleak.Sql.Minifier.Tests", "bleak.Sql.Minifier.Tests\bleak.Sql.Minifier.Tests.csproj", "{53E57EA5-36CA-4AF5-B73D-D10FD098E5FA}"
EndProject
Project("{FAE04EC0-301F-11D3-BF4B-00C04F79EFBC}") = "bleak.Sql.Minifier", "bleak.Sql.Minifier\bleak.Sql.Minifier.csproj", "{0265F517-6DB8-4138-BFD0-1CA83FE218D9}"
EndProject
Global
	GlobalSection(SolutionConfigurationPlatforms) = preSolution
		Debug|Any CPU = Debug|Any CPU
		Release|Any CPU = Release|Any CPU
	EndGlobalSection
	GlobalSection(ProjectConfigurationPlatforms) = postSolution
		{53E57EA5-36CA-4AF5-B73D-D10FD098E5FA}.Debug|Any CPU.ActiveCfg = Debug|Any CPU
		{53E57EA5-36CA-4AF5-B73D-D10FD098E5FA}.Debug|Any CPU.Build.0 = Debug|Any CPU
		{53E57EA5-36CA-4AF5-B73D-D10FD098E5FA}.Release|Any CPU.ActiveCfg = Release|Any CPU
		{53E57EA5-36CA-4AF5-B73D-D10FD098E5FA}.Release|Any CPU.Build.0 = Release|Any CPU
		{0265F517-6DB8-4138-BFD0-1CA83FE218D9}.Debug|Any CPU.ActiveCfg = Debug|Any CPU
		{0265F517-6DB8-4138-BFD0-1CA83FE218D9}.Debug|Any CPU.Build.0 = Debug|Any CPU
		{0265F517-6DB8-4138-BFD0-1CA83FE218D9}.Release|Any CPU.ActiveCfg = Release|Any CPU
		{0265F517-6DB8-4138-BFD0-1CA83FE218D9}.Release|Any CPU.Build.0 = Release|Any CPU
	EndGlobalSection
EndGlobal
